{
  "version": "5",
  "specifiers": {
    "jsr:@std/cli@1": "1.0.27",
    "jsr:@std/fmt@^1.0.9": "1.0.9",
    "jsr:@std/fs@1": "1.0.22",
    "jsr:@std/internal@^1.0.12": "1.0.12",
    "jsr:@std/path@1": "1.1.4",
    "jsr:@std/path@^1.1.4": "1.1.4",
    "npm:node-id3@~0.2.9": "0.2.9"
  },
  "jsr": {
    "@std/cli@1.0.27": {
      "integrity": "eba97edd0891871a7410e835dd94b3c260c709cca5983df2689c25a71fbe04de",
      "dependencies": [
        "jsr:@std/fmt",
        "jsr:@std/internal"
      ]
    },
    "@std/fmt@1.0.9": {
      "integrity": "2487343e8899fb2be5d0e3d35013e54477ada198854e52dd05ed0422eddcabe0"
    },
    "@std/fs@1.0.22": {
      "integrity": "de0f277a58a867147a8a01bc1b181d0dfa80bfddba8c9cf2bacd6747bcec9308",
      "dependencies": [
        "jsr:@std/internal",
        "jsr:@std/path@^1.1.4"
      ]
    },
    "@std/internal@1.0.12": {
      "integrity": "972a634fd5bc34b242024402972cd5143eac68d8dffaca5eaa4dba30ce17b027"
    },
    "@std/path@1.1.4": {
      "integrity": "1d2d43f39efb1b42f0b1882a25486647cb851481862dc7313390b2bb044314b5",
      "dependencies": [
        "jsr:@std/internal"
      ]
    }
  },
  "npm": {
    "iconv-lite@0.6.2": {
      "integrity": "sha512-2y91h5OpQlolefMPmUlivelittSWy0rP+oYVpn6A7GwVHNE8AWzoYOBNmlwks3LobaJxgHCYZAnyNo2GgpNRNQ==",
      "dependencies": [
        "safer-buffer"
      ]
    },
    "node-id3@0.2.9": {
      "integrity": "sha512-dSxhuxrkkGVRgUhDHFxdY0pilzOREcodO01HcZWfaRkCaPWGmo0dOgD8ygyL6ln4Iv4cmfRxAWn1WD9bIB9Bhw==",
      "dependencies": [
        "iconv-lite"
      ]
    },
    "safer-buffer@2.1.2": {
      "integrity": "sha512-YZo3K82SD7Riyi0E1EQPojLz7kpepnSQI9IyPbHHg1XXXevb5dJI7tpyN2ADxGcQbHG7vcyRHk0cbwqcQriUtg=="
    }
  },
  "remote": {
    "https://deno.land/x/youtube@v0.3.0/mod.ts": "7c0cd5a77f5ecb2ddabc5335945ec8ab8e84d1a6e790e42fe3e9879b9ed19861",
    "https://deno.land/x/youtube@v0.3.0/src/oauth.ts": "229083c9da9de796a77921332dadf278c2b4f1680b626555389b6589acb08ea7",
    "https://deno.land/x/youtube@v0.3.0/src/schemas.ts": "3cfbbe5198974ad15c84b4f07b0f294dc8f4fe35c32ff3c204ca9fcefe08732f",
    "https://deno.land/x/youtube@v0.3.0/src/youtube-deno.ts": "353569abfbe30476117b638cd763e896b67fca336d78d5e9f0903757f2d4b77b"
  },
  "workspace": {
    "dependencies": [
      "jsr:@std/cli@1",
      "jsr:@std/fs@1",
      "jsr:@std/path@1",
      "npm:node-id3@~0.2.9"
    ]
  }
}
